
Microsoft Visual Studio Solution File, Format Version 12.00
# Visual Studio 2012
Project("{FAE04EC0-301F-11D3-BF4B-00C04F79EFBC}") = "Stabilizer", "Stabilizer\Stabilizer.csproj", "{420B2DAF-8ED7-4960-9DE9-361A7DFF82B6}"
EndProject
Global
	GlobalSection(SolutionConfigurationPlatforms) = preSolution
		Debug|Any CPU = Debug|Any CPU
		Release|Any CPU = Release|Any CPU
	EndGlobalSection
	GlobalSection(ProjectConfigurationPlatforms) = postSolution
		{420B2DAF-8ED7-4960-9DE9-361A7DFF82B6}.Debug|Any CPU.ActiveCfg = Debug|Any CPU
		{420B2DAF-8ED7-4960-9DE9-361A7DFF82B6}.Debug|Any CPU.Build.0 = Debug|Any CPU
		{420B2DAF-8ED7-4960-9DE9-361A7DFF82B6}.Release|Any CPU.ActiveCfg = Release|Any CPU
		{420B2DAF-8ED7-4960-9DE9-361A7DFF82B6}.Release|Any CPU.Build.0 = Release|Any CPU
	EndGlobalSection
	GlobalSection(SolutionProperties) = preSolution
		HideSolutionNode = FALSE
	EndGlobalSection
EndGlobal
